
Microsoft Visual Studio Solution File, Format Version 12.00
# Visual Studio Version 17
VisualStudioVersion = 17.2.32516.85
MinimumVisualStudioVersion = 10.0.40219.1
Project("{FAE04EC0-301F-11D3-BF4B-00C04F79EFBC}") = "Zaverecny_Projekt", "Zaverecny_Projekt\Zaverecny_Projekt.csproj", "{38ABF801-3FFE-4CBD-93F5-20AA226D5F44}"
EndProject
Global
	GlobalSection(SolutionConfigurationPlatforms) = preSolution
		Debug|Any CPU = Debug|Any CPU
		Release|Any CPU = Release|Any CPU
	EndGlobalSection
	GlobalSection(ProjectConfigurationPlatforms) = postSolution
		{38ABF801-3FFE-4CBD-93F5-20AA226D5F44}.Debug|Any CPU.ActiveCfg = Debug|Any CPU
		{38ABF801-3FFE-4CBD-93F5-20AA226D5F44}.Debug|Any CPU.Build.0 = Debug|Any CPU
		{38ABF801-3FFE-4CBD-93F5-20AA226D5F44}.Release|Any CPU.ActiveCfg = Release|Any CPU
		{38ABF801-3FFE-4CBD-93F5-20AA226D5F44}.Release|Any CPU.Build.0 = Release|Any CPU
	EndGlobalSection
	GlobalSection(SolutionProperties) = preSolution
		HideSolutionNode = FALSE
	EndGlobalSection
	GlobalSection(ExtensibilityGlobals) = postSolution
		SolutionGuid = {69D2B2E3-DDBE-4AE0-A017-3860DE2E1A00}
	EndGlobalSection
EndGlobal
